
Microsoft Visual Studio Solution File, Format Version 12.00
# Visual Studio Version 16
VisualStudioVersion = 16.0.29905.134
MinimumVisualStudioVersion = 10.0.40219.1
Project("{FAE04EC0-301F-11D3-BF4B-00C04F79EFBC}") = "SpectrumAnalyzer", "SpectrumAnalyzer.csproj", "{1C8C1B3B-A8DA-47AB-BDA1-23A9CDBDBAA1}"
EndProject
Global
	GlobalSection(SolutionConfigurationPlatforms) = preSolution
		Debug|Any CPU = Debug|Any CPU
		Release|Any CPU = Release|Any CPU
	EndGlobalSection
	GlobalSection(ProjectConfigurationPlatforms) = postSolution
		{1C8C1B3B-A8DA-47AB-BDA1-23A9CDBDBAA1}.Debug|Any CPU.ActiveCfg = Debug|Any CPU
		{1C8C1B3B-A8DA-47AB-BDA1-23A9CDBDBAA1}.Debug|Any CPU.Build.0 = Debug|Any CPU
		{1C8C1B3B-A8DA-47AB-BDA1-23A9CDBDBAA1}.Release|Any CPU.ActiveCfg = Release|Any CPU
		{1C8C1B3B-A8DA-47AB-BDA1-23A9CDBDBAA1}.Release|Any CPU.Build.0 = Release|Any CPU
	EndGlobalSection
	GlobalSection(SolutionProperties) = preSolution
		HideSolutionNode = FALSE
	EndGlobalSection
	GlobalSection(ExtensibilityGlobals) = postSolution
		SolutionGuid = {789DA505-3AF8-4D18-AE3E-6E36D3CBDC92}
	EndGlobalSection
EndGlobal
